PODS:
  - GoogleAPIClientForREST/Core (1.3.9):
    - GTMSessionFetcher (>= 1.1.7)
  - GoogleAPIClientForREST/Drive (1.3.9):
    - GoogleAPIClientForREST/Core
    - GTMSessionFetcher (>= 1.1.7)
  - GoogleSignIn (4.4.0):
    - "GoogleToolboxForMac/NSDictionary+URLArguments (~> 2.1)"
    - "GoogleToolboxForMac/NSString+URLArguments (~> 2.1)"
    - GTMSessionFetcher/Core (~> 1.1)
  - GoogleToolboxForMac/DebugUtils (2.2.1):
    - GoogleToolboxForMac/Defines (= 2.2.1)
  - GoogleToolboxForMac/Defines (2.2.1)
  - "GoogleToolboxForMac/NSDictionary+URLArguments (2.2.1)":
    - GoogleToolboxForMac/DebugUtils (= 2.2.1)
    - GoogleToolboxForMac/Defines (= 2.2.1)
    - "GoogleToolboxForMac/NSString+URLArguments (= 2.2.1)"
  - "GoogleToolboxForMac/NSString+URLArguments (2.2.1)"
  - GTMSessionFetcher (1.2.2):
    - GTMSessionFetcher/Full (= 1.2.2)
  - GTMSessionFetcher/Core (1.2.2)
  - GTMSessionFetcher/Full (1.2.2):
    - GTMSessionFetcher/Core (= 1.2.2)
  - IQKeyboardManagerSwift (6.3.0)

DEPENDENCIES:
  - GoogleAPIClientForREST/Drive
  - GoogleSignIn
  - IQKeyboardManagerSwift

SPEC REPOS:
  https://github.com/cocoapods/specs.git:
    - GoogleAPIClientForREST
    - GoogleSignIn
    - GoogleToolboxForMac
    - GTMSessionFetcher
    - IQKeyboardManagerSwift

SPEC CHECKSUMS:
  GoogleAPIClientForREST: 44c7b678cbab11d26a47eab7309d6179b1a61f0c
  GoogleSignIn: 7ff245e1a7b26d379099d3243a562f5747e23d39
  GoogleToolboxForMac: b3553629623a3b1bff17f555e736cd5a6d95ad55
  GTMSessionFetcher: 61bb0f61a4cb560030f1222021178008a5727a23
  IQKeyboardManagerSwift: a8228c257614af98743b4cd8584637025f36358f

PODFILE CHECKSUM: 714ca81d9f5a78d58ef8541ac0dd313adf3dab43

COCOAPODS: 1.7.1
